{
  "name": "Revalonix",
  "lockfileVersion": 3,
  "requires": true,
  "packages": {
    "": {
      "dependencies": {
        "vanilla-cookieconsent": "^3.0.0-rc.17"
      }
    },
    "node_modules/vanilla-cookieconsent": {
      "version": "3.0.0-rc.17",
      "resolved": "https://registry.npmjs.org/vanilla-cookieconsent/-/vanilla-cookieconsent-3.0.0-rc.17.tgz",
      "integrity": "sha512-YmyI+VJ+oAFxsNwWkU+DbDcVxRpttOpGzgjlAdpfELC0lF3sJiBHzrQ09WiRXdzB1nd2A1G6vYns2Niqx7wLlA=="
    }
  }
}
